
Microsoft Visual Studio Solution File, Format Version 12.00
# Visual Studio Version 17
VisualStudioVersion = 17.8.34330.188
MinimumVisualStudioVersion = 10.0.40219.1
Project("{9A19103F-16F7-4668-BE54-9A1E7A4F7556}") = "MauiAddressBook", "MauiAddressBook\MauiAddressBook.csproj", "{26D61817-0CC3-4659-B5B0-0F5763695176}"
EndProject
Project("{9A19103F-16F7-4668-BE54-9A1E7A4F7556}") = "Shared", "Shared\Shared.csproj", "{908B7367-8A11-408F-A41F-ABCAD01F339C}"
EndProject
Project("{FAE04EC0-301F-11D3-BF4B-00C04F79EFBC}") = "MauiAddressBook_Tests", "MauiAddressBook_Tests\MauiAddressBook_Tests.csproj", "{F6BAE94F-7859-4D61-93D5-23C0B9249877}"
EndProject
Global
	GlobalSection(SolutionConfigurationPlatforms) = preSolution
		Debug|Any CPU = Debug|Any CPU
		Release|Any CPU = Release|Any CPU
	EndGlobalSection
	GlobalSection(ProjectConfigurationPlatforms) = postSolution
		{26D61817-0CC3-4659-B5B0-0F5763695176}.Debug|Any CPU.ActiveCfg = Debug|Any CPU
		{26D61817-0CC3-4659-B5B0-0F5763695176}.Debug|Any CPU.Build.0 = Debug|Any CPU
		{26D61817-0CC3-4659-B5B0-0F5763695176}.Debug|Any CPU.Deploy.0 = Debug|Any CPU
		{26D61817-0CC3-4659-B5B0-0F5763695176}.Release|Any CPU.ActiveCfg = Release|Any CPU
		{26D61817-0CC3-4659-B5B0-0F5763695176}.Release|Any CPU.Build.0 = Release|Any CPU
		{26D61817-0CC3-4659-B5B0-0F5763695176}.Release|Any CPU.Deploy.0 = Release|Any CPU
		{908B7367-8A11-408F-A41F-ABCAD01F339C}.Debug|Any CPU.ActiveCfg = Debug|Any CPU
		{908B7367-8A11-408F-A41F-ABCAD01F339C}.Debug|Any CPU.Build.0 = Debug|Any CPU
		{908B7367-8A11-408F-A41F-ABCAD01F339C}.Release|Any CPU.ActiveCfg = Release|Any CPU
		{908B7367-8A11-408F-A41F-ABCAD01F339C}.Release|Any CPU.Build.0 = Release|Any CPU
		{F6BAE94F-7859-4D61-93D5-23C0B9249877}.Debug|Any CPU.ActiveCfg = Debug|Any CPU
		{F6BAE94F-7859-4D61-93D5-23C0B9249877}.Debug|Any CPU.Build.0 = Debug|Any CPU
		{F6BAE94F-7859-4D61-93D5-23C0B9249877}.Release|Any CPU.ActiveCfg = Release|Any CPU
		{F6BAE94F-7859-4D61-93D5-23C0B9249877}.Release|Any CPU.Build.0 = Release|Any CPU
	EndGlobalSection
	GlobalSection(SolutionProperties) = preSolution
		HideSolutionNode = FALSE
	EndGlobalSection
	GlobalSection(ExtensibilityGlobals) = postSolution
		SolutionGuid = {F9FF77EA-26E0-4B48-9CB4-011CC3210EFE}
	EndGlobalSection
EndGlobal
